
Microsoft Visual Studio Solution File, Format Version 12.00
# Visual Studio Version 16
VisualStudioVersion = 16.0.29306.81
MinimumVisualStudioVersion = 10.0.40219.1
Project("{FAE04EC0-301F-11D3-BF4B-00C04F79EFBC}") = "Battleship", "Battleship\Battleship.csproj", "{18313475-C158-4E46-8F9C-15BF1EDC5F06}"
EndProject
Global
	GlobalSection(SolutionConfigurationPlatforms) = preSolution
		Debug|Any CPU = Debug|Any CPU
		Release|Any CPU = Release|Any CPU
	EndGlobalSection
	GlobalSection(ProjectConfigurationPlatforms) = postSolution
		{18313475-C158-4E46-8F9C-15BF1EDC5F06}.Debug|Any CPU.ActiveCfg = Debug|Any CPU
		{18313475-C158-4E46-8F9C-15BF1EDC5F06}.Debug|Any CPU.Build.0 = Debug|Any CPU
		{18313475-C158-4E46-8F9C-15BF1EDC5F06}.Release|Any CPU.ActiveCfg = Release|Any CPU
		{18313475-C158-4E46-8F9C-15BF1EDC5F06}.Release|Any CPU.Build.0 = Release|Any CPU
	EndGlobalSection
	GlobalSection(SolutionProperties) = preSolution
		HideSolutionNode = FALSE
	EndGlobalSection
	GlobalSection(ExtensibilityGlobals) = postSolution
		SolutionGuid = {AE3B98D8-B7B6-4162-B852-BE514250A3E8}
	EndGlobalSection
EndGlobal
