
Microsoft Visual Studio Solution File, Format Version 12.00
# Visual Studio Version 16
VisualStudioVersion = 16.0.29306.81
MinimumVisualStudioVersion = 10.0.40219.1
Project("{FAE04EC0-301F-11D3-BF4B-00C04F79EFBC}") = "EllieTemplateGenerator", "EllieTemplateGenerator\EllieTemplateGenerator.csproj", "{77BF64B0-D881-4A37-89F4-5C66675B4930}"
EndProject
Global
	GlobalSection(SolutionConfigurationPlatforms) = preSolution
		Debug|Any CPU = Debug|Any CPU
		Release|Any CPU = Release|Any CPU
	EndGlobalSection
	GlobalSection(ProjectConfigurationPlatforms) = postSolution
		{77BF64B0-D881-4A37-89F4-5C66675B4930}.Debug|Any CPU.ActiveCfg = Debug|Any CPU
		{77BF64B0-D881-4A37-89F4-5C66675B4930}.Debug|Any CPU.Build.0 = Debug|Any CPU
		{77BF64B0-D881-4A37-89F4-5C66675B4930}.Release|Any CPU.ActiveCfg = Release|Any CPU
		{77BF64B0-D881-4A37-89F4-5C66675B4930}.Release|Any CPU.Build.0 = Release|Any CPU
	EndGlobalSection
	GlobalSection(SolutionProperties) = preSolution
		HideSolutionNode = FALSE
	EndGlobalSection
	GlobalSection(ExtensibilityGlobals) = postSolution
		SolutionGuid = {5CD72FA9-63C7-41CA-9F8C-E4C93680F712}
	EndGlobalSection
EndGlobal
