
Microsoft Visual Studio Solution File, Format Version 12.00
# Visual Studio Version 16
VisualStudioVersion = 16.0.29306.81
MinimumVisualStudioVersion = 10.0.40219.1
Project("{FAE04EC0-301F-11D3-BF4B-00C04F79EFBC}") = "FieldPaintAgain", "FieldPaintAgain\FieldPaintAgain.csproj", "{178733C9-E7BE-4DAF-9787-780624E20A72}"
EndProject
Global
	GlobalSection(SolutionConfigurationPlatforms) = preSolution
		Debug|Any CPU = Debug|Any CPU
		Release|Any CPU = Release|Any CPU
	EndGlobalSection
	GlobalSection(ProjectConfigurationPlatforms) = postSolution
		{178733C9-E7BE-4DAF-9787-780624E20A72}.Debug|Any CPU.ActiveCfg = Debug|Any CPU
		{178733C9-E7BE-4DAF-9787-780624E20A72}.Debug|Any CPU.Build.0 = Debug|Any CPU
		{178733C9-E7BE-4DAF-9787-780624E20A72}.Release|Any CPU.ActiveCfg = Release|Any CPU
		{178733C9-E7BE-4DAF-9787-780624E20A72}.Release|Any CPU.Build.0 = Release|Any CPU
	EndGlobalSection
	GlobalSection(SolutionProperties) = preSolution
		HideSolutionNode = FALSE
	EndGlobalSection
	GlobalSection(ExtensibilityGlobals) = postSolution
		SolutionGuid = {0A7AFEB2-6F5E-406F-A51A-1CB18CA1A947}
	EndGlobalSection
EndGlobal
