
Microsoft Visual Studio Solution File, Format Version 12.00
# Visual Studio Version 16
VisualStudioVersion = 16.0.29306.81
MinimumVisualStudioVersion = 10.0.40219.1
Project("{FAE04EC0-301F-11D3-BF4B-00C04F79EFBC}") = "ArrayPractice", "ArrayPractice\ArrayPractice.csproj", "{6AF5A5EC-E572-43BE-BB05-511D5DA9C8D8}"
EndProject
Global
	GlobalSection(SolutionConfigurationPlatforms) = preSolution
		Debug|Any CPU = Debug|Any CPU
		Release|Any CPU = Release|Any CPU
	EndGlobalSection
	GlobalSection(ProjectConfigurationPlatforms) = postSolution
		{6AF5A5EC-E572-43BE-BB05-511D5DA9C8D8}.Debug|Any CPU.ActiveCfg = Debug|Any CPU
		{6AF5A5EC-E572-43BE-BB05-511D5DA9C8D8}.Debug|Any CPU.Build.0 = Debug|Any CPU
		{6AF5A5EC-E572-43BE-BB05-511D5DA9C8D8}.Release|Any CPU.ActiveCfg = Release|Any CPU
		{6AF5A5EC-E572-43BE-BB05-511D5DA9C8D8}.Release|Any CPU.Build.0 = Release|Any CPU
	EndGlobalSection
	GlobalSection(SolutionProperties) = preSolution
		HideSolutionNode = FALSE
	EndGlobalSection
	GlobalSection(ExtensibilityGlobals) = postSolution
		SolutionGuid = {8FAC179F-636F-4F00-B1DE-A9D240768DB3}
	EndGlobalSection
EndGlobal
