
Microsoft Visual Studio Solution File, Format Version 12.00
# Visual Studio Version 16
VisualStudioVersion = 16.0.29306.81
MinimumVisualStudioVersion = 10.0.40219.1
Project("{FAE04EC0-301F-11D3-BF4B-00C04F79EFBC}") = "AlbumApp", "AlbumApp\AlbumApp.csproj", "{107E960C-EA05-4168-85AD-439543AA39B9}"
EndProject
Global
	GlobalSection(SolutionConfigurationPlatforms) = preSolution
		Debug|Any CPU = Debug|Any CPU
		Release|Any CPU = Release|Any CPU
	EndGlobalSection
	GlobalSection(ProjectConfigurationPlatforms) = postSolution
		{107E960C-EA05-4168-85AD-439543AA39B9}.Debug|Any CPU.ActiveCfg = Debug|Any CPU
		{107E960C-EA05-4168-85AD-439543AA39B9}.Debug|Any CPU.Build.0 = Debug|Any CPU
		{107E960C-EA05-4168-85AD-439543AA39B9}.Release|Any CPU.ActiveCfg = Release|Any CPU
		{107E960C-EA05-4168-85AD-439543AA39B9}.Release|Any CPU.Build.0 = Release|Any CPU
	EndGlobalSection
	GlobalSection(SolutionProperties) = preSolution
		HideSolutionNode = FALSE
	EndGlobalSection
	GlobalSection(ExtensibilityGlobals) = postSolution
		SolutionGuid = {AFAF91D9-1448-4D97-B7BF-783578467883}
	EndGlobalSection
EndGlobal
